
Microsoft Visual Studio Solution File, Format Version 12.00
# Visual Studio Version 16
VisualStudioVersion = 16.0.29806.167
MinimumVisualStudioVersion = 10.0.40219.1
Project("{FAE04EC0-301F-11D3-BF4B-00C04F79EFBC}") = "SubrightEngine", "GameEngine\SubrightEngine.csproj", "{842F35BA-3145-45A6-9CB7-4681F1B3DD05}"
EndProject
Project("{FAE04EC0-301F-11D3-BF4B-00C04F79EFBC}") = "SubrightEngineWindow", "GameEngineWindow\SubrightEngineWindow.csproj", "{4E4F1D92-C647-4B15-9E08-E1DAA8F1DF4A}"
EndProject
Project("{C7167F0D-BC9F-4E6E-AFE1-012C56B48DB5}") = "SubrightEngineUWP", "GameEngineUWP\SubrightEngineUWP.wapproj", "{C8DD7E1C-20DF-42C4-9DF7-10E5240CE43A}"
EndProject
Project("{FAE04EC0-301F-11D3-BF4B-00C04F79EFBC}") = "SubrightEngineEditor", "GameEngineEditor\SubrightEngineEditor.csproj", "{007A89D4-EEDB-4565-9783-5745F3ABB882}"
EndProject
Project("{2150E333-8FDC-42A3-9474-1A3956D46DE8}") = "Solution Items", "Solution Items", "{BB85613C-1222-4F22-9E6C-BCEFD64D6CAC}"
	ProjectSection(SolutionItems) = preProject
		.editorconfig = .editorconfig
	EndProjectSection
EndProject
Project("{FAE04EC0-301F-11D3-BF4B-00C04F79EFBC}") = "SubrightEngineUI", "GameEngineUI\SubrightEngineUI.csproj", "{6B2A3C39-1CF0-4E50-9E4C-47FDBB283962}"
EndProject
Project("{FAE04EC0-301F-11D3-BF4B-00C04F79EFBC}") = "SubrightEngineUtilities", "GameEngineUtilities\SubrightEngineUtilities.csproj", "{E08F8DAB-0AD7-4E7D-B8EE-437877025245}"
EndProject
Project("{FAE04EC0-301F-11D3-BF4B-00C04F79EFBC}") = "ArcadeGameInterface", "ArcadeGameInterface\ArcadeGameInterface.csproj", "{72ECC451-40FB-4CB0-9550-A38A321F7649}"
EndProject
Project("{FAE04EC0-301F-11D3-BF4B-00C04F79EFBC}") = "DungeonCrawlerDemo", "DungeonCrawlerDemo\DungeonCrawlerDemo.csproj", "{FD636660-2B8B-406D-9397-2BE98B6262A3}"
EndProject
Global
	GlobalSection(SolutionConfigurationPlatforms) = preSolution
		Debug|Any CPU = Debug|Any CPU
		Debug|ARM = Debug|ARM
		Debug|ARM64 = Debug|ARM64
		Debug|x64 = Debug|x64
		Debug|x86 = Debug|x86
		Release|Any CPU = Release|Any CPU
		Release|ARM = Release|ARM
		Release|ARM64 = Release|ARM64
		Release|x64 = Release|x64
		Release|x86 = Release|x86
	EndGlobalSection
	GlobalSection(ProjectConfigurationPlatforms) = postSolution
		{842F35BA-3145-45A6-9CB7-4681F1B3DD05}.Debug|Any CPU.ActiveCfg = Debug|Any CPU
		{842F35BA-3145-45A6-9CB7-4681F1B3DD05}.Debug|Any CPU.Build.0 = Debug|Any CPU
		{842F35BA-3145-45A6-9CB7-4681F1B3DD05}.Debug|ARM.ActiveCfg = Debug|Any CPU
		{842F35BA-3145-45A6-9CB7-4681F1B3DD05}.Debug|ARM.Build.0 = Debug|Any CPU
		{842F35BA-3145-45A6-9CB7-4681F1B3DD05}.Debug|ARM64.ActiveCfg = Debug|Any CPU
		{842F35BA-3145-45A6-9CB7-4681F1B3DD05}.Debug|ARM64.Build.0 = Debug|Any CPU
		{842F35BA-3145-45A6-9CB7-4681F1B3DD05}.Debug|x64.ActiveCfg = Debug|Any CPU
		{842F35BA-3145-45A6-9CB7-4681F1B3DD05}.Debug|x64.Build.0 = Debug|Any CPU
		{842F35BA-3145-45A6-9CB7-4681F1B3DD05}.Debug|x86.ActiveCfg = Debug|Any CPU
		{842F35BA-3145-45A6-9CB7-4681F1B3DD05}.Debug|x86.Build.0 = Debug|Any CPU
		{842F35BA-3145-45A6-9CB7-4681F1B3DD05}.Release|Any CPU.ActiveCfg = Release|Any CPU
		{842F35BA-3145-45A6-9CB7-4681F1B3DD05}.Release|Any CPU.Build.0 = Release|Any CPU
		{842F35BA-3145-45A6-9CB7-4681F1B3DD05}.Release|ARM.ActiveCfg = Release|Any CPU
		{842F35BA-3145-45A6-9CB7-4681F1B3DD05}.Release|ARM.Build.0 = Release|Any CPU
		{842F35BA-3145-45A6-9CB7-4681F1B3DD05}.Release|ARM64.ActiveCfg = Release|Any CPU
		{842F35BA-3145-45A6-9CB7-4681F1B3DD05}.Release|ARM64.Build.0 = Release|Any CPU
		{842F35BA-3145-45A6-9CB7-4681F1B3DD05}.Release|x64.ActiveCfg = Release|Any CPU
		{842F35BA-3145-45A6-9CB7-4681F1B3DD05}.Release|x64.Build.0 = Release|Any CPU
		{842F35BA-3145-45A6-9CB7-4681F1B3DD05}.Release|x86.ActiveCfg = Release|Any CPU
		{842F35BA-3145-45A6-9CB7-4681F1B3DD05}.Release|x86.Build.0 = Release|Any CPU
		{4E4F1D92-C647-4B15-9E08-E1DAA8F1DF4A}.Debug|Any CPU.ActiveCfg = Debug|Any CPU
		{4E4F1D92-C647-4B15-9E08-E1DAA8F1DF4A}.Debug|Any CPU.Build.0 = Debug|Any CPU
		{4E4F1D92-C647-4B15-9E08-E1DAA8F1DF4A}.Debug|ARM.ActiveCfg = Debug|Any CPU
		{4E4F1D92-C647-4B15-9E08-E1DAA8F1DF4A}.Debug|ARM.Build.0 = Debug|Any CPU
		{4E4F1D92-C647-4B15-9E08-E1DAA8F1DF4A}.Debug|ARM64.ActiveCfg = Debug|Any CPU
		{4E4F1D92-C647-4B15-9E08-E1DAA8F1DF4A}.Debug|ARM64.Build.0 = Debug|Any CPU
		{4E4F1D92-C647-4B15-9E08-E1DAA8F1DF4A}.Debug|x64.ActiveCfg = Debug|Any CPU
		{4E4F1D92-C647-4B15-9E08-E1DAA8F1DF4A}.Debug|x64.Build.0 = Debug|Any CPU
		{4E4F1D92-C647-4B15-9E08-E1DAA8F1DF4A}.Debug|x86.ActiveCfg = Debug|Any CPU
		{4E4F1D92-C647-4B15-9E08-E1DAA8F1DF4A}.Debug|x86.Build.0 = Debug|Any CPU
		{4E4F1D92-C647-4B15-9E08-E1DAA8F1DF4A}.Release|Any CPU.ActiveCfg = Release|Any CPU
		{4E4F1D92-C647-4B15-9E08-E1DAA8F1DF4A}.Release|Any CPU.Build.0 = Release|Any CPU
		{4E4F1D92-C647-4B15-9E08-E1DAA8F1DF4A}.Release|ARM.ActiveCfg = Release|Any CPU
		{4E4F1D92-C647-4B15-9E08-E1DAA8F1DF4A}.Release|ARM.Build.0 = Release|Any CPU
		{4E4F1D92-C647-4B15-9E08-E1DAA8F1DF4A}.Release|ARM64.ActiveCfg = Release|Any CPU
		{4E4F1D92-C647-4B15-9E08-E1DAA8F1DF4A}.Release|ARM64.Build.0 = Release|Any CPU
		{4E4F1D92-C647-4B15-9E08-E1DAA8F1DF4A}.Release|x64.ActiveCfg = Release|Any CPU
		{4E4F1D92-C647-4B15-9E08-E1DAA8F1DF4A}.Release|x64.Build.0 = Release|Any CPU
		{4E4F1D92-C647-4B15-9E08-E1DAA8F1DF4A}.Release|x86.ActiveCfg = Release|Any CPU
		{4E4F1D92-C647-4B15-9E08-E1DAA8F1DF4A}.Release|x86.Build.0 = Release|Any CPU
		{C8DD7E1C-20DF-42C4-9DF7-10E5240CE43A}.Debug|Any CPU.ActiveCfg = Debug|Any CPU
		{C8DD7E1C-20DF-42C4-9DF7-10E5240CE43A}.Debug|Any CPU.Build.0 = Debug|Any CPU
		{C8DD7E1C-20DF-42C4-9DF7-10E5240CE43A}.Debug|Any CPU.Deploy.0 = Debug|Any CPU
		{C8DD7E1C-20DF-42C4-9DF7-10E5240CE43A}.Debug|ARM.ActiveCfg = Debug|ARM
		{C8DD7E1C-20DF-42C4-9DF7-10E5240CE43A}.Debug|ARM.Build.0 = Debug|ARM
		{C8DD7E1C-20DF-42C4-9DF7-10E5240CE43A}.Debug|ARM.Deploy.0 = Debug|ARM
		{C8DD7E1C-20DF-42C4-9DF7-10E5240CE43A}.Debug|ARM64.ActiveCfg = Debug|ARM64
		{C8DD7E1C-20DF-42C4-9DF7-10E5240CE43A}.Debug|ARM64.Build.0 = Debug|ARM64
		{C8DD7E1C-20DF-42C4-9DF7-10E5240CE43A}.Debug|ARM64.Deploy.0 = Debug|ARM64
		{C8DD7E1C-20DF-42C4-9DF7-10E5240CE43A}.Debug|x64.ActiveCfg = Debug|x64
		{C8DD7E1C-20DF-42C4-9DF7-10E5240CE43A}.Debug|x64.Build.0 = Debug|x64
		{C8DD7E1C-20DF-42C4-9DF7-10E5240CE43A}.Debug|x64.Deploy.0 = Debug|x64
		{C8DD7E1C-20DF-42C4-9DF7-10E5240CE43A}.Debug|x86.ActiveCfg = Debug|x86
		{C8DD7E1C-20DF-42C4-9DF7-10E5240CE43A}.Debug|x86.Build.0 = Debug|x86
		{C8DD7E1C-20DF-42C4-9DF7-10E5240CE43A}.Debug|x86.Deploy.0 = Debug|x86
		{C8DD7E1C-20DF-42C4-9DF7-10E5240CE43A}.Release|Any CPU.ActiveCfg = Release|Any CPU
		{C8DD7E1C-20DF-42C4-9DF7-10E5240CE43A}.Release|Any CPU.Build.0 = Release|Any CPU
		{C8DD7E1C-20DF-42C4-9DF7-10E5240CE43A}.Release|Any CPU.Deploy.0 = Release|Any CPU
		{C8DD7E1C-20DF-42C4-9DF7-10E5240CE43A}.Release|ARM.ActiveCfg = Release|ARM
		{C8DD7E1C-20DF-42C4-9DF7-10E5240CE43A}.Release|ARM.Build.0 = Release|ARM
		{C8DD7E1C-20DF-42C4-9DF7-10E5240CE43A}.Release|ARM.Deploy.0 = Release|ARM
		{C8DD7E1C-20DF-42C4-9DF7-10E5240CE43A}.Release|ARM64.ActiveCfg = Release|ARM64
		{C8DD7E1C-20DF-42C4-9DF7-10E5240CE43A}.Release|ARM64.Build.0 = Release|ARM64
		{C8DD7E1C-20DF-42C4-9DF7-10E5240CE43A}.Release|ARM64.Deploy.0 = Release|ARM64
		{C8DD7E1C-20DF-42C4-9DF7-10E5240CE43A}.Release|x64.ActiveCfg = Release|x64
		{C8DD7E1C-20DF-42C4-9DF7-10E5240CE43A}.Release|x64.Build.0 = Release|x64
		{C8DD7E1C-20DF-42C4-9DF7-10E5240CE43A}.Release|x64.Deploy.0 = Release|x64
		{C8DD7E1C-20DF-42C4-9DF7-10E5240CE43A}.Release|x86.ActiveCfg = Release|x86
		{C8DD7E1C-20DF-42C4-9DF7-10E5240CE43A}.Release|x86.Build.0 = Release|x86
		{C8DD7E1C-20DF-42C4-9DF7-10E5240CE43A}.Release|x86.Deploy.0 = Release|x86
		{007A89D4-EEDB-4565-9783-5745F3ABB882}.Debug|Any CPU.ActiveCfg = Debug|Any CPU
		{007A89D4-EEDB-4565-9783-5745F3ABB882}.Debug|Any CPU.Build.0 = Debug|Any CPU
		{007A89D4-EEDB-4565-9783-5745F3ABB882}.Debug|ARM.ActiveCfg = Debug|Any CPU
		{007A89D4-EEDB-4565-9783-5745F3ABB882}.Debug|ARM.Build.0 = Debug|Any CPU
		{007A89D4-EEDB-4565-9783-5745F3ABB882}.Debug|ARM64.ActiveCfg = Debug|Any CPU
		{007A89D4-EEDB-4565-9783-5745F3ABB882}.Debug|ARM64.Build.0 = Debug|Any CPU
		{007A89D4-EEDB-4565-9783-5745F3ABB882}.Debug|x64.ActiveCfg = Debug|Any CPU
		{007A89D4-EEDB-4565-9783-5745F3ABB882}.Debug|x64.Build.0 = Debug|Any CPU
		{007A89D4-EEDB-4565-9783-5745F3ABB882}.Debug|x86.ActiveCfg = Debug|Any CPU
		{007A89D4-EEDB-4565-9783-5745F3ABB882}.Debug|x86.Build.0 = Debug|Any CPU
		{007A89D4-EEDB-4565-9783-5745F3ABB882}.Release|Any CPU.ActiveCfg = Release|Any CPU
		{007A89D4-EEDB-4565-9783-5745F3ABB882}.Release|Any CPU.Build.0 = Release|Any CPU
		{007A89D4-EEDB-4565-9783-5745F3ABB882}.Release|ARM.ActiveCfg = Release|Any CPU
		{007A89D4-EEDB-4565-9783-5745F3ABB882}.Release|ARM.Build.0 = Release|Any CPU
		{007A89D4-EEDB-4565-9783-5745F3ABB882}.Release|ARM64.ActiveCfg = Release|Any CPU
		{007A89D4-EEDB-4565-9783-5745F3ABB882}.Release|ARM64.Build.0 = Release|Any CPU
		{007A89D4-EEDB-4565-9783-5745F3ABB882}.Release|x64.ActiveCfg = Release|Any CPU
		{007A89D4-EEDB-4565-9783-5745F3ABB882}.Release|x64.Build.0 = Release|Any CPU
		{007A89D4-EEDB-4565-9783-5745F3ABB882}.Release|x86.ActiveCfg = Release|Any CPU
		{007A89D4-EEDB-4565-9783-5745F3ABB882}.Release|x86.Build.0 = Release|Any CPU
		{6B2A3C39-1CF0-4E50-9E4C-47FDBB283962}.Debug|Any CPU.ActiveCfg = Debug|Any CPU
		{6B2A3C39-1CF0-4E50-9E4C-47FDBB283962}.Debug|Any CPU.Build.0 = Debug|Any CPU
		{6B2A3C39-1CF0-4E50-9E4C-47FDBB283962}.Debug|ARM.ActiveCfg = Debug|Any CPU
		{6B2A3C39-1CF0-4E50-9E4C-47FDBB283962}.Debug|ARM.Build.0 = Debug|Any CPU
		{6B2A3C39-1CF0-4E50-9E4C-47FDBB283962}.Debug|ARM64.ActiveCfg = Debug|Any CPU
		{6B2A3C39-1CF0-4E50-9E4C-47FDBB283962}.Debug|ARM64.Build.0 = Debug|Any CPU
		{6B2A3C39-1CF0-4E50-9E4C-47FDBB283962}.Debug|x64.ActiveCfg = Debug|Any CPU
		{6B2A3C39-1CF0-4E50-9E4C-47FDBB283962}.Debug|x64.Build.0 = Debug|Any CPU
		{6B2A3C39-1CF0-4E50-9E4C-47FDBB283962}.Debug|x86.ActiveCfg = Debug|Any CPU
		{6B2A3C39-1CF0-4E50-9E4C-47FDBB283962}.Debug|x86.Build.0 = Debug|Any CPU
		{6B2A3C39-1CF0-4E50-9E4C-47FDBB283962}.Release|Any CPU.ActiveCfg = Release|Any CPU
		{6B2A3C39-1CF0-4E50-9E4C-47FDBB283962}.Release|Any CPU.Build.0 = Release|Any CPU
		{6B2A3C39-1CF0-4E50-9E4C-47FDBB283962}.Release|ARM.ActiveCfg = Release|Any CPU
		{6B2A3C39-1CF0-4E50-9E4C-47FDBB283962}.Release|ARM.Build.0 = Release|Any CPU
		{6B2A3C39-1CF0-4E50-9E4C-47FDBB283962}.Release|ARM64.ActiveCfg = Release|Any CPU
		{6B2A3C39-1CF0-4E50-9E4C-47FDBB283962}.Release|ARM64.Build.0 = Release|Any CPU
		{6B2A3C39-1CF0-4E50-9E4C-47FDBB283962}.Release|x64.ActiveCfg = Release|Any CPU
		{6B2A3C39-1CF0-4E50-9E4C-47FDBB283962}.Release|x64.Build.0 = Release|Any CPU
		{6B2A3C39-1CF0-4E50-9E4C-47FDBB283962}.Release|x86.ActiveCfg = Release|Any CPU
		{6B2A3C39-1CF0-4E50-9E4C-47FDBB283962}.Release|x86.Build.0 = Release|Any CPU
		{E08F8DAB-0AD7-4E7D-B8EE-437877025245}.Debug|Any CPU.ActiveCfg = Debug|Any CPU
		{E08F8DAB-0AD7-4E7D-B8EE-437877025245}.Debug|Any CPU.Build.0 = Debug|Any CPU
		{E08F8DAB-0AD7-4E7D-B8EE-437877025245}.Debug|ARM.ActiveCfg = Debug|Any CPU
		{E08F8DAB-0AD7-4E7D-B8EE-437877025245}.Debug|ARM.Build.0 = Debug|Any CPU
		{E08F8DAB-0AD7-4E7D-B8EE-437877025245}.Debug|ARM64.ActiveCfg = Debug|Any CPU
		{E08F8DAB-0AD7-4E7D-B8EE-437877025245}.Debug|ARM64.Build.0 = Debug|Any CPU
		{E08F8DAB-0AD7-4E7D-B8EE-437877025245}.Debug|x64.ActiveCfg = Debug|Any CPU
		{E08F8DAB-0AD7-4E7D-B8EE-437877025245}.Debug|x64.Build.0 = Debug|Any CPU
		{E08F8DAB-0AD7-4E7D-B8EE-437877025245}.Debug|x86.ActiveCfg = Debug|Any CPU
		{E08F8DAB-0AD7-4E7D-B8EE-437877025245}.Debug|x86.Build.0 = Debug|Any CPU
		{E08F8DAB-0AD7-4E7D-B8EE-437877025245}.Release|Any CPU.ActiveCfg = Release|Any CPU
		{E08F8DAB-0AD7-4E7D-B8EE-437877025245}.Release|Any CPU.Build.0 = Release|Any CPU
		{E08F8DAB-0AD7-4E7D-B8EE-437877025245}.Release|ARM.ActiveCfg = Release|Any CPU
		{E08F8DAB-0AD7-4E7D-B8EE-437877025245}.Release|ARM.Build.0 = Release|Any CPU
		{E08F8DAB-0AD7-4E7D-B8EE-437877025245}.Release|ARM64.ActiveCfg = Release|Any CPU
		{E08F8DAB-0AD7-4E7D-B8EE-437877025245}.Release|ARM64.Build.0 = Release|Any CPU
		{E08F8DAB-0AD7-4E7D-B8EE-437877025245}.Release|x64.ActiveCfg = Release|Any CPU
		{E08F8DAB-0AD7-4E7D-B8EE-437877025245}.Release|x64.Build.0 = Release|Any CPU
		{E08F8DAB-0AD7-4E7D-B8EE-437877025245}.Release|x86.ActiveCfg = Release|Any CPU
		{E08F8DAB-0AD7-4E7D-B8EE-437877025245}.Release|x86.Build.0 = Release|Any CPU
		{72ECC451-40FB-4CB0-9550-A38A321F7649}.Debug|Any CPU.ActiveCfg = Debug|Any CPU
		{72ECC451-40FB-4CB0-9550-A38A321F7649}.Debug|Any CPU.Build.0 = Debug|Any CPU
		{72ECC451-40FB-4CB0-9550-A38A321F7649}.Debug|ARM.ActiveCfg = Debug|Any CPU
		{72ECC451-40FB-4CB0-9550-A38A321F7649}.Debug|ARM.Build.0 = Debug|Any CPU
		{72ECC451-40FB-4CB0-9550-A38A321F7649}.Debug|ARM64.ActiveCfg = Debug|Any CPU
		{72ECC451-40FB-4CB0-9550-A38A321F7649}.Debug|ARM64.Build.0 = Debug|Any CPU
		{72ECC451-40FB-4CB0-9550-A38A321F7649}.Debug|x64.ActiveCfg = Debug|Any CPU
		{72ECC451-40FB-4CB0-9550-A38A321F7649}.Debug|x64.Build.0 = Debug|Any CPU
		{72ECC451-40FB-4CB0-9550-A38A321F7649}.Debug|x86.ActiveCfg = Debug|Any CPU
		{72ECC451-40FB-4CB0-9550-A38A321F7649}.Debug|x86.Build.0 = Debug|Any CPU
		{72ECC451-40FB-4CB0-9550-A38A321F7649}.Release|Any CPU.ActiveCfg = Release|Any CPU
		{72ECC451-40FB-4CB0-9550-A38A321F7649}.Release|Any CPU.Build.0 = Release|Any CPU
		{72ECC451-40FB-4CB0-9550-A38A321F7649}.Release|ARM.ActiveCfg = Release|Any CPU
		{72ECC451-40FB-4CB0-9550-A38A321F7649}.Release|ARM.Build.0 = Release|Any CPU
		{72ECC451-40FB-4CB0-9550-A38A321F7649}.Release|ARM64.ActiveCfg = Release|Any CPU
		{72ECC451-40FB-4CB0-9550-A38A321F7649}.Release|ARM64.Build.0 = Release|Any CPU
		{72ECC451-40FB-4CB0-9550-A38A321F7649}.Release|x64.ActiveCfg = Release|Any CPU
		{72ECC451-40FB-4CB0-9550-A38A321F7649}.Release|x64.Build.0 = Release|Any CPU
		{72ECC451-40FB-4CB0-9550-A38A321F7649}.Release|x86.ActiveCfg = Release|Any CPU
		{72ECC451-40FB-4CB0-9550-A38A321F7649}.Release|x86.Build.0 = Release|Any CPU
		{FD636660-2B8B-406D-9397-2BE98B6262A3}.Debug|Any CPU.ActiveCfg = Debug|Any CPU
		{FD636660-2B8B-406D-9397-2BE98B6262A3}.Debug|Any CPU.Build.0 = Debug|Any CPU
		{FD636660-2B8B-406D-9397-2BE98B6262A3}.Debug|ARM.ActiveCfg = Debug|Any CPU
		{FD636660-2B8B-406D-9397-2BE98B6262A3}.Debug|ARM.Build.0 = Debug|Any CPU
		{FD636660-2B8B-406D-9397-2BE98B6262A3}.Debug|ARM64.ActiveCfg = Debug|Any CPU
		{FD636660-2B8B-406D-9397-2BE98B6262A3}.Debug|ARM64.Build.0 = Debug|Any CPU
		{FD636660-2B8B-406D-9397-2BE98B6262A3}.Debug|x64.ActiveCfg = Debug|Any CPU
		{FD636660-2B8B-406D-9397-2BE98B6262A3}.Debug|x64.Build.0 = Debug|Any CPU
		{FD636660-2B8B-406D-9397-2BE98B6262A3}.Debug|x86.ActiveCfg = Debug|Any CPU
		{FD636660-2B8B-406D-9397-2BE98B6262A3}.Debug|x86.Build.0 = Debug|Any CPU
		{FD636660-2B8B-406D-9397-2BE98B6262A3}.Release|Any CPU.ActiveCfg = Release|Any CPU
		{FD636660-2B8B-406D-9397-2BE98B6262A3}.Release|Any CPU.Build.0 = Release|Any CPU
		{FD636660-2B8B-406D-9397-2BE98B6262A3}.Release|ARM.ActiveCfg = Release|Any CPU
		{FD636660-2B8B-406D-9397-2BE98B6262A3}.Release|ARM.Build.0 = Release|Any CPU
		{FD636660-2B8B-406D-9397-2BE98B6262A3}.Release|ARM64.ActiveCfg = Release|Any CPU
		{FD636660-2B8B-406D-9397-2BE98B6262A3}.Release|ARM64.Build.0 = Release|Any CPU
		{FD636660-2B8B-406D-9397-2BE98B6262A3}.Release|x64.ActiveCfg = Release|Any CPU
		{FD636660-2B8B-406D-9397-2BE98B6262A3}.Release|x64.Build.0 = Release|Any CPU
		{FD636660-2B8B-406D-9397-2BE98B6262A3}.Release|x86.ActiveCfg = Release|Any CPU
		{FD636660-2B8B-406D-9397-2BE98B6262A3}.Release|x86.Build.0 = Release|Any CPU
	EndGlobalSection
	GlobalSection(SolutionProperties) = preSolution
		HideSolutionNode = FALSE
	EndGlobalSection
	GlobalSection(ExtensibilityGlobals) = postSolution
		SolutionGuid = {24AF9E42-69B5-45BE-8951-4390E0079784}
	EndGlobalSection
EndGlobal
