
Microsoft Visual Studio Solution File, Format Version 12.00
# Visual Studio Version 16
VisualStudioVersion = 16.0.29806.167
MinimumVisualStudioVersion = 10.0.40219.1
Project("{FAE04EC0-301F-11D3-BF4B-00C04F79EFBC}") = "SubrightEngine", "GameEngine\SubrightEngine.csproj", "{842F35BA-3145-45A6-9CB7-4681F1B3DD05}"
EndProject
Project("{2150E333-8FDC-42A3-9474-1A3956D46DE8}") = "Solution Items", "Solution Items", "{BB85613C-1222-4F22-9E6C-BCEFD64D6CAC}"
	ProjectSection(SolutionItems) = preProject
		.editorconfig = .editorconfig
	EndProjectSection
EndProject
Project("{FAE04EC0-301F-11D3-BF4B-00C04F79EFBC}") = "SubrightEngineUtilities", "GameEngineUtilities\SubrightEngineUtilities.csproj", "{E08F8DAB-0AD7-4E7D-B8EE-437877025245}"
EndProject
Project("{FAE04EC0-301F-11D3-BF4B-00C04F79EFBC}") = "SharpVPK", "SharpVPK\SharpVPK.csproj", "{430E062C-4372-4B73-A2F2-1E25F81E2195}"
EndProject
Project("{FAE04EC0-301F-11D3-BF4B-00C04F79EFBC}") = "SharpVPK.Test", "SharpVPK.Test\SharpVPK.Test.csproj", "{DAC57E09-A543-4E03-9D93-30DB342FFBAA}"
EndProject
Project("{FAE04EC0-301F-11D3-BF4B-00C04F79EFBC}") = "AppleShooter", "AppleShooter\AppleShooter.csproj", "{4E4F1D92-C647-4B15-9E08-E1DAA8F1DF4A}"
EndProject
Project("{FAE04EC0-301F-11D3-BF4B-00C04F79EFBC}") = "TopDownDefense", "TopDownDefense\TopDownDefense.csproj", "{3FDE627B-9D67-40A9-9202-E00F762A6148}"
EndProject
Global
	GlobalSection(SolutionConfigurationPlatforms) = preSolution
		Debug|Any CPU = Debug|Any CPU
		Debug|ARM = Debug|ARM
		Debug|ARM64 = Debug|ARM64
		Debug|x64 = Debug|x64
		Debug|x86 = Debug|x86
		Release|Any CPU = Release|Any CPU
		Release|ARM = Release|ARM
		Release|ARM64 = Release|ARM64
		Release|x64 = Release|x64
		Release|x86 = Release|x86
	EndGlobalSection
	GlobalSection(ProjectConfigurationPlatforms) = postSolution
		{842F35BA-3145-45A6-9CB7-4681F1B3DD05}.Debug|Any CPU.ActiveCfg = Debug|Any CPU
		{842F35BA-3145-45A6-9CB7-4681F1B3DD05}.Debug|Any CPU.Build.0 = Debug|Any CPU
		{842F35BA-3145-45A6-9CB7-4681F1B3DD05}.Debug|ARM.ActiveCfg = Debug|Any CPU
		{842F35BA-3145-45A6-9CB7-4681F1B3DD05}.Debug|ARM.Build.0 = Debug|Any CPU
		{842F35BA-3145-45A6-9CB7-4681F1B3DD05}.Debug|ARM64.ActiveCfg = Debug|Any CPU
		{842F35BA-3145-45A6-9CB7-4681F1B3DD05}.Debug|ARM64.Build.0 = Debug|Any CPU
		{842F35BA-3145-45A6-9CB7-4681F1B3DD05}.Debug|x64.ActiveCfg = Debug|Any CPU
		{842F35BA-3145-45A6-9CB7-4681F1B3DD05}.Debug|x64.Build.0 = Debug|Any CPU
		{842F35BA-3145-45A6-9CB7-4681F1B3DD05}.Debug|x86.ActiveCfg = Debug|Any CPU
		{842F35BA-3145-45A6-9CB7-4681F1B3DD05}.Debug|x86.Build.0 = Debug|Any CPU
		{842F35BA-3145-45A6-9CB7-4681F1B3DD05}.Release|Any CPU.ActiveCfg = Release|Any CPU
		{842F35BA-3145-45A6-9CB7-4681F1B3DD05}.Release|Any CPU.Build.0 = Release|Any CPU
		{842F35BA-3145-45A6-9CB7-4681F1B3DD05}.Release|ARM.ActiveCfg = Release|Any CPU
		{842F35BA-3145-45A6-9CB7-4681F1B3DD05}.Release|ARM.Build.0 = Release|Any CPU
		{842F35BA-3145-45A6-9CB7-4681F1B3DD05}.Release|ARM64.ActiveCfg = Release|Any CPU
		{842F35BA-3145-45A6-9CB7-4681F1B3DD05}.Release|ARM64.Build.0 = Release|Any CPU
		{842F35BA-3145-45A6-9CB7-4681F1B3DD05}.Release|x64.ActiveCfg = Release|Any CPU
		{842F35BA-3145-45A6-9CB7-4681F1B3DD05}.Release|x64.Build.0 = Release|Any CPU
		{842F35BA-3145-45A6-9CB7-4681F1B3DD05}.Release|x86.ActiveCfg = Release|Any CPU
		{842F35BA-3145-45A6-9CB7-4681F1B3DD05}.Release|x86.Build.0 = Release|Any CPU
		{E08F8DAB-0AD7-4E7D-B8EE-437877025245}.Debug|Any CPU.ActiveCfg = Debug|Any CPU
		{E08F8DAB-0AD7-4E7D-B8EE-437877025245}.Debug|Any CPU.Build.0 = Debug|Any CPU
		{E08F8DAB-0AD7-4E7D-B8EE-437877025245}.Debug|ARM.ActiveCfg = Debug|Any CPU
		{E08F8DAB-0AD7-4E7D-B8EE-437877025245}.Debug|ARM.Build.0 = Debug|Any CPU
		{E08F8DAB-0AD7-4E7D-B8EE-437877025245}.Debug|ARM64.ActiveCfg = Debug|Any CPU
		{E08F8DAB-0AD7-4E7D-B8EE-437877025245}.Debug|ARM64.Build.0 = Debug|Any CPU
		{E08F8DAB-0AD7-4E7D-B8EE-437877025245}.Debug|x64.ActiveCfg = Debug|Any CPU
		{E08F8DAB-0AD7-4E7D-B8EE-437877025245}.Debug|x64.Build.0 = Debug|Any CPU
		{E08F8DAB-0AD7-4E7D-B8EE-437877025245}.Debug|x86.ActiveCfg = Debug|Any CPU
		{E08F8DAB-0AD7-4E7D-B8EE-437877025245}.Debug|x86.Build.0 = Debug|Any CPU
		{E08F8DAB-0AD7-4E7D-B8EE-437877025245}.Release|Any CPU.ActiveCfg = Release|Any CPU
		{E08F8DAB-0AD7-4E7D-B8EE-437877025245}.Release|Any CPU.Build.0 = Release|Any CPU
		{E08F8DAB-0AD7-4E7D-B8EE-437877025245}.Release|ARM.ActiveCfg = Release|Any CPU
		{E08F8DAB-0AD7-4E7D-B8EE-437877025245}.Release|ARM.Build.0 = Release|Any CPU
		{E08F8DAB-0AD7-4E7D-B8EE-437877025245}.Release|ARM64.ActiveCfg = Release|Any CPU
		{E08F8DAB-0AD7-4E7D-B8EE-437877025245}.Release|ARM64.Build.0 = Release|Any CPU
		{E08F8DAB-0AD7-4E7D-B8EE-437877025245}.Release|x64.ActiveCfg = Release|Any CPU
		{E08F8DAB-0AD7-4E7D-B8EE-437877025245}.Release|x64.Build.0 = Release|Any CPU
		{E08F8DAB-0AD7-4E7D-B8EE-437877025245}.Release|x86.ActiveCfg = Release|Any CPU
		{E08F8DAB-0AD7-4E7D-B8EE-437877025245}.Release|x86.Build.0 = Release|Any CPU
		{430E062C-4372-4B73-A2F2-1E25F81E2195}.Debug|Any CPU.ActiveCfg = Debug|Any CPU
		{430E062C-4372-4B73-A2F2-1E25F81E2195}.Debug|Any CPU.Build.0 = Debug|Any CPU
		{430E062C-4372-4B73-A2F2-1E25F81E2195}.Debug|ARM.ActiveCfg = Debug|Any CPU
		{430E062C-4372-4B73-A2F2-1E25F81E2195}.Debug|ARM.Build.0 = Debug|Any CPU
		{430E062C-4372-4B73-A2F2-1E25F81E2195}.Debug|ARM64.ActiveCfg = Debug|Any CPU
		{430E062C-4372-4B73-A2F2-1E25F81E2195}.Debug|ARM64.Build.0 = Debug|Any CPU
		{430E062C-4372-4B73-A2F2-1E25F81E2195}.Debug|x64.ActiveCfg = Debug|Any CPU
		{430E062C-4372-4B73-A2F2-1E25F81E2195}.Debug|x64.Build.0 = Debug|Any CPU
		{430E062C-4372-4B73-A2F2-1E25F81E2195}.Debug|x86.ActiveCfg = Debug|Any CPU
		{430E062C-4372-4B73-A2F2-1E25F81E2195}.Debug|x86.Build.0 = Debug|Any CPU
		{430E062C-4372-4B73-A2F2-1E25F81E2195}.Release|Any CPU.ActiveCfg = Release|Any CPU
		{430E062C-4372-4B73-A2F2-1E25F81E2195}.Release|Any CPU.Build.0 = Release|Any CPU
		{430E062C-4372-4B73-A2F2-1E25F81E2195}.Release|ARM.ActiveCfg = Release|Any CPU
		{430E062C-4372-4B73-A2F2-1E25F81E2195}.Release|ARM.Build.0 = Release|Any CPU
		{430E062C-4372-4B73-A2F2-1E25F81E2195}.Release|ARM64.ActiveCfg = Release|Any CPU
		{430E062C-4372-4B73-A2F2-1E25F81E2195}.Release|ARM64.Build.0 = Release|Any CPU
		{430E062C-4372-4B73-A2F2-1E25F81E2195}.Release|x64.ActiveCfg = Release|Any CPU
		{430E062C-4372-4B73-A2F2-1E25F81E2195}.Release|x64.Build.0 = Release|Any CPU
		{430E062C-4372-4B73-A2F2-1E25F81E2195}.Release|x86.ActiveCfg = Release|Any CPU
		{430E062C-4372-4B73-A2F2-1E25F81E2195}.Release|x86.Build.0 = Release|Any CPU
		{DAC57E09-A543-4E03-9D93-30DB342FFBAA}.Debug|Any CPU.ActiveCfg = Debug|Any CPU
		{DAC57E09-A543-4E03-9D93-30DB342FFBAA}.Debug|Any CPU.Build.0 = Debug|Any CPU
		{DAC57E09-A543-4E03-9D93-30DB342FFBAA}.Debug|ARM.ActiveCfg = Debug|Any CPU
		{DAC57E09-A543-4E03-9D93-30DB342FFBAA}.Debug|ARM.Build.0 = Debug|Any CPU
		{DAC57E09-A543-4E03-9D93-30DB342FFBAA}.Debug|ARM64.ActiveCfg = Debug|Any CPU
		{DAC57E09-A543-4E03-9D93-30DB342FFBAA}.Debug|ARM64.Build.0 = Debug|Any CPU
		{DAC57E09-A543-4E03-9D93-30DB342FFBAA}.Debug|x64.ActiveCfg = Debug|Any CPU
		{DAC57E09-A543-4E03-9D93-30DB342FFBAA}.Debug|x64.Build.0 = Debug|Any CPU
		{DAC57E09-A543-4E03-9D93-30DB342FFBAA}.Debug|x86.ActiveCfg = Debug|Any CPU
		{DAC57E09-A543-4E03-9D93-30DB342FFBAA}.Debug|x86.Build.0 = Debug|Any CPU
		{DAC57E09-A543-4E03-9D93-30DB342FFBAA}.Release|Any CPU.ActiveCfg = Release|Any CPU
		{DAC57E09-A543-4E03-9D93-30DB342FFBAA}.Release|Any CPU.Build.0 = Release|Any CPU
		{DAC57E09-A543-4E03-9D93-30DB342FFBAA}.Release|ARM.ActiveCfg = Release|Any CPU
		{DAC57E09-A543-4E03-9D93-30DB342FFBAA}.Release|ARM.Build.0 = Release|Any CPU
		{DAC57E09-A543-4E03-9D93-30DB342FFBAA}.Release|ARM64.ActiveCfg = Release|Any CPU
		{DAC57E09-A543-4E03-9D93-30DB342FFBAA}.Release|ARM64.Build.0 = Release|Any CPU
		{DAC57E09-A543-4E03-9D93-30DB342FFBAA}.Release|x64.ActiveCfg = Release|Any CPU
		{DAC57E09-A543-4E03-9D93-30DB342FFBAA}.Release|x64.Build.0 = Release|Any CPU
		{DAC57E09-A543-4E03-9D93-30DB342FFBAA}.Release|x86.ActiveCfg = Release|Any CPU
		{DAC57E09-A543-4E03-9D93-30DB342FFBAA}.Release|x86.Build.0 = Release|Any CPU
		{4E4F1D92-C647-4B15-9E08-E1DAA8F1DF4A}.Debug|Any CPU.ActiveCfg = Debug|Any CPU
		{4E4F1D92-C647-4B15-9E08-E1DAA8F1DF4A}.Debug|Any CPU.Build.0 = Debug|Any CPU
		{4E4F1D92-C647-4B15-9E08-E1DAA8F1DF4A}.Debug|ARM.ActiveCfg = Debug|Any CPU
		{4E4F1D92-C647-4B15-9E08-E1DAA8F1DF4A}.Debug|ARM.Build.0 = Debug|Any CPU
		{4E4F1D92-C647-4B15-9E08-E1DAA8F1DF4A}.Debug|ARM64.ActiveCfg = Debug|Any CPU
		{4E4F1D92-C647-4B15-9E08-E1DAA8F1DF4A}.Debug|ARM64.Build.0 = Debug|Any CPU
		{4E4F1D92-C647-4B15-9E08-E1DAA8F1DF4A}.Debug|x64.ActiveCfg = Debug|Any CPU
		{4E4F1D92-C647-4B15-9E08-E1DAA8F1DF4A}.Debug|x64.Build.0 = Debug|Any CPU
		{4E4F1D92-C647-4B15-9E08-E1DAA8F1DF4A}.Debug|x86.ActiveCfg = Debug|Any CPU
		{4E4F1D92-C647-4B15-9E08-E1DAA8F1DF4A}.Debug|x86.Build.0 = Debug|Any CPU
		{4E4F1D92-C647-4B15-9E08-E1DAA8F1DF4A}.Release|Any CPU.ActiveCfg = Release|Any CPU
		{4E4F1D92-C647-4B15-9E08-E1DAA8F1DF4A}.Release|Any CPU.Build.0 = Release|Any CPU
		{4E4F1D92-C647-4B15-9E08-E1DAA8F1DF4A}.Release|ARM.ActiveCfg = Release|Any CPU
		{4E4F1D92-C647-4B15-9E08-E1DAA8F1DF4A}.Release|ARM.Build.0 = Release|Any CPU
		{4E4F1D92-C647-4B15-9E08-E1DAA8F1DF4A}.Release|ARM64.ActiveCfg = Release|Any CPU
		{4E4F1D92-C647-4B15-9E08-E1DAA8F1DF4A}.Release|ARM64.Build.0 = Release|Any CPU
		{4E4F1D92-C647-4B15-9E08-E1DAA8F1DF4A}.Release|x64.ActiveCfg = Release|Any CPU
		{4E4F1D92-C647-4B15-9E08-E1DAA8F1DF4A}.Release|x64.Build.0 = Release|Any CPU
		{4E4F1D92-C647-4B15-9E08-E1DAA8F1DF4A}.Release|x86.ActiveCfg = Release|Any CPU
		{4E4F1D92-C647-4B15-9E08-E1DAA8F1DF4A}.Release|x86.Build.0 = Release|Any CPU
		{3FDE627B-9D67-40A9-9202-E00F762A6148}.Debug|Any CPU.ActiveCfg = Debug|Any CPU
		{3FDE627B-9D67-40A9-9202-E00F762A6148}.Debug|Any CPU.Build.0 = Debug|Any CPU
		{3FDE627B-9D67-40A9-9202-E00F762A6148}.Debug|ARM.ActiveCfg = Debug|Any CPU
		{3FDE627B-9D67-40A9-9202-E00F762A6148}.Debug|ARM.Build.0 = Debug|Any CPU
		{3FDE627B-9D67-40A9-9202-E00F762A6148}.Debug|ARM64.ActiveCfg = Debug|Any CPU
		{3FDE627B-9D67-40A9-9202-E00F762A6148}.Debug|ARM64.Build.0 = Debug|Any CPU
		{3FDE627B-9D67-40A9-9202-E00F762A6148}.Debug|x64.ActiveCfg = Debug|Any CPU
		{3FDE627B-9D67-40A9-9202-E00F762A6148}.Debug|x64.Build.0 = Debug|Any CPU
		{3FDE627B-9D67-40A9-9202-E00F762A6148}.Debug|x86.ActiveCfg = Debug|Any CPU
		{3FDE627B-9D67-40A9-9202-E00F762A6148}.Debug|x86.Build.0 = Debug|Any CPU
		{3FDE627B-9D67-40A9-9202-E00F762A6148}.Release|Any CPU.ActiveCfg = Release|Any CPU
		{3FDE627B-9D67-40A9-9202-E00F762A6148}.Release|Any CPU.Build.0 = Release|Any CPU
		{3FDE627B-9D67-40A9-9202-E00F762A6148}.Release|ARM.ActiveCfg = Release|Any CPU
		{3FDE627B-9D67-40A9-9202-E00F762A6148}.Release|ARM.Build.0 = Release|Any CPU
		{3FDE627B-9D67-40A9-9202-E00F762A6148}.Release|ARM64.ActiveCfg = Release|Any CPU
		{3FDE627B-9D67-40A9-9202-E00F762A6148}.Release|ARM64.Build.0 = Release|Any CPU
		{3FDE627B-9D67-40A9-9202-E00F762A6148}.Release|x64.ActiveCfg = Release|Any CPU
		{3FDE627B-9D67-40A9-9202-E00F762A6148}.Release|x64.Build.0 = Release|Any CPU
		{3FDE627B-9D67-40A9-9202-E00F762A6148}.Release|x86.ActiveCfg = Release|Any CPU
		{3FDE627B-9D67-40A9-9202-E00F762A6148}.Release|x86.Build.0 = Release|Any CPU
	EndGlobalSection
	GlobalSection(SolutionProperties) = preSolution
		HideSolutionNode = FALSE
	EndGlobalSection
	GlobalSection(ExtensibilityGlobals) = postSolution
		SolutionGuid = {24AF9E42-69B5-45BE-8951-4390E0079784}
	EndGlobalSection
EndGlobal
