
Microsoft Visual Studio Solution File, Format Version 12.00
# Visual Studio Version 16
VisualStudioVersion = 16.0.29806.167
MinimumVisualStudioVersion = 10.0.40219.1
Project("{FAE04EC0-301F-11D3-BF4B-00C04F79EFBC}") = "SubrightEngine", "GameEngine\SubrightEngine.csproj", "{842F35BA-3145-45A6-9CB7-4681F1B3DD05}"
EndProject
Project("{FAE04EC0-301F-11D3-BF4B-00C04F79EFBC}") = "SubrightEngineWindow", "GameEngineWindow\SubrightEngineWindow.csproj", "{4E4F1D92-C647-4B15-9E08-E1DAA8F1DF4A}"
EndProject
Project("{2150E333-8FDC-42A3-9474-1A3956D46DE8}") = "Solution Items", "Solution Items", "{BB85613C-1222-4F22-9E6C-BCEFD64D6CAC}"
	ProjectSection(SolutionItems) = preProject
		.editorconfig = .editorconfig
	EndProjectSection
EndProject
Project("{FAE04EC0-301F-11D3-BF4B-00C04F79EFBC}") = "SubrightEngineUtilities", "GameEngineUtilities\SubrightEngineUtilities.csproj", "{E08F8DAB-0AD7-4E7D-B8EE-437877025245}"
EndProject
Project("{FAE04EC0-301F-11D3-BF4B-00C04F79EFBC}") = "SharpVPK", "SharpVPK\SharpVPK.csproj", "{430E062C-4372-4B73-A2F2-1E25F81E2195}"
EndProject
Project("{9A19103F-16F7-4668-BE54-9A1E7A4F7556}") = "Bsp", "Bsp\Bsp.csproj", "{415AE914-5CFA-4178-B967-E732F9EF6A8F}"
EndProject
Project("{9A19103F-16F7-4668-BE54-9A1E7A4F7556}") = "Exporter", "Exporter\Exporter.csproj", "{509A2A01-BB9A-4B70-AF34-C3D86ECBFC8E}"
EndProject
Project("{9A19103F-16F7-4668-BE54-9A1E7A4F7556}") = "MapLoader", "MapLoader\MapLoader.csproj", "{CD43E2E9-2E9F-4C5C-8C2E-0D83A11FFDD9}"
EndProject
Project("{9A19103F-16F7-4668-BE54-9A1E7A4F7556}") = "Mdl", "Mdl\Mdl.csproj", "{367B6F08-A592-46C4-A18B-7FDD0A07C483}"
EndProject
Project("{9A19103F-16F7-4668-BE54-9A1E7A4F7556}") = "Util", "Util\Util.csproj", "{B183D895-69AD-4257-8AAA-378BFF7603F5}"
EndProject
Project("{9A19103F-16F7-4668-BE54-9A1E7A4F7556}") = "Vtf", "Vtf\Vtf.csproj", "{2186E4C8-5EFC-463E-A629-7A9E1C968DF3}"
EndProject
Project("{9A19103F-16F7-4668-BE54-9A1E7A4F7556}") = "Vtx", "Vtx\Vtx.csproj", "{6A838D15-C3CA-4828-822D-6B4323056B66}"
EndProject
Project("{2150E333-8FDC-42A3-9474-1A3956D46DE8}") = "Source Items", "Source Items", "{E8097C7C-75F9-4EBB-AA95-C52A214B29F1}"
EndProject
Global
	GlobalSection(SolutionConfigurationPlatforms) = preSolution
		Debug|Any CPU = Debug|Any CPU
		Debug|ARM = Debug|ARM
		Debug|ARM64 = Debug|ARM64
		Debug|x64 = Debug|x64
		Debug|x86 = Debug|x86
		Release|Any CPU = Release|Any CPU
		Release|ARM = Release|ARM
		Release|ARM64 = Release|ARM64
		Release|x64 = Release|x64
		Release|x86 = Release|x86
	EndGlobalSection
	GlobalSection(ProjectConfigurationPlatforms) = postSolution
		{842F35BA-3145-45A6-9CB7-4681F1B3DD05}.Debug|Any CPU.ActiveCfg = Debug|Any CPU
		{842F35BA-3145-45A6-9CB7-4681F1B3DD05}.Debug|Any CPU.Build.0 = Debug|Any CPU
		{842F35BA-3145-45A6-9CB7-4681F1B3DD05}.Debug|ARM.ActiveCfg = Debug|Any CPU
		{842F35BA-3145-45A6-9CB7-4681F1B3DD05}.Debug|ARM.Build.0 = Debug|Any CPU
		{842F35BA-3145-45A6-9CB7-4681F1B3DD05}.Debug|ARM64.ActiveCfg = Debug|Any CPU
		{842F35BA-3145-45A6-9CB7-4681F1B3DD05}.Debug|ARM64.Build.0 = Debug|Any CPU
		{842F35BA-3145-45A6-9CB7-4681F1B3DD05}.Debug|x64.ActiveCfg = Debug|Any CPU
		{842F35BA-3145-45A6-9CB7-4681F1B3DD05}.Debug|x64.Build.0 = Debug|Any CPU
		{842F35BA-3145-45A6-9CB7-4681F1B3DD05}.Debug|x86.ActiveCfg = Debug|Any CPU
		{842F35BA-3145-45A6-9CB7-4681F1B3DD05}.Debug|x86.Build.0 = Debug|Any CPU
		{842F35BA-3145-45A6-9CB7-4681F1B3DD05}.Release|Any CPU.ActiveCfg = Release|Any CPU
		{842F35BA-3145-45A6-9CB7-4681F1B3DD05}.Release|Any CPU.Build.0 = Release|Any CPU
		{842F35BA-3145-45A6-9CB7-4681F1B3DD05}.Release|ARM.ActiveCfg = Release|Any CPU
		{842F35BA-3145-45A6-9CB7-4681F1B3DD05}.Release|ARM.Build.0 = Release|Any CPU
		{842F35BA-3145-45A6-9CB7-4681F1B3DD05}.Release|ARM64.ActiveCfg = Release|Any CPU
		{842F35BA-3145-45A6-9CB7-4681F1B3DD05}.Release|ARM64.Build.0 = Release|Any CPU
		{842F35BA-3145-45A6-9CB7-4681F1B3DD05}.Release|x64.ActiveCfg = Release|Any CPU
		{842F35BA-3145-45A6-9CB7-4681F1B3DD05}.Release|x64.Build.0 = Release|Any CPU
		{842F35BA-3145-45A6-9CB7-4681F1B3DD05}.Release|x86.ActiveCfg = Release|Any CPU
		{842F35BA-3145-45A6-9CB7-4681F1B3DD05}.Release|x86.Build.0 = Release|Any CPU
		{4E4F1D92-C647-4B15-9E08-E1DAA8F1DF4A}.Debug|Any CPU.ActiveCfg = Debug|Any CPU
		{4E4F1D92-C647-4B15-9E08-E1DAA8F1DF4A}.Debug|Any CPU.Build.0 = Debug|Any CPU
		{4E4F1D92-C647-4B15-9E08-E1DAA8F1DF4A}.Debug|ARM.ActiveCfg = Debug|Any CPU
		{4E4F1D92-C647-4B15-9E08-E1DAA8F1DF4A}.Debug|ARM.Build.0 = Debug|Any CPU
		{4E4F1D92-C647-4B15-9E08-E1DAA8F1DF4A}.Debug|ARM64.ActiveCfg = Debug|Any CPU
		{4E4F1D92-C647-4B15-9E08-E1DAA8F1DF4A}.Debug|ARM64.Build.0 = Debug|Any CPU
		{4E4F1D92-C647-4B15-9E08-E1DAA8F1DF4A}.Debug|x64.ActiveCfg = Debug|Any CPU
		{4E4F1D92-C647-4B15-9E08-E1DAA8F1DF4A}.Debug|x64.Build.0 = Debug|Any CPU
		{4E4F1D92-C647-4B15-9E08-E1DAA8F1DF4A}.Debug|x86.ActiveCfg = Debug|Any CPU
		{4E4F1D92-C647-4B15-9E08-E1DAA8F1DF4A}.Debug|x86.Build.0 = Debug|Any CPU
		{4E4F1D92-C647-4B15-9E08-E1DAA8F1DF4A}.Release|Any CPU.ActiveCfg = Release|Any CPU
		{4E4F1D92-C647-4B15-9E08-E1DAA8F1DF4A}.Release|Any CPU.Build.0 = Release|Any CPU
		{4E4F1D92-C647-4B15-9E08-E1DAA8F1DF4A}.Release|ARM.ActiveCfg = Release|Any CPU
		{4E4F1D92-C647-4B15-9E08-E1DAA8F1DF4A}.Release|ARM.Build.0 = Release|Any CPU
		{4E4F1D92-C647-4B15-9E08-E1DAA8F1DF4A}.Release|ARM64.ActiveCfg = Release|Any CPU
		{4E4F1D92-C647-4B15-9E08-E1DAA8F1DF4A}.Release|ARM64.Build.0 = Release|Any CPU
		{4E4F1D92-C647-4B15-9E08-E1DAA8F1DF4A}.Release|x64.ActiveCfg = Release|Any CPU
		{4E4F1D92-C647-4B15-9E08-E1DAA8F1DF4A}.Release|x64.Build.0 = Release|Any CPU
		{4E4F1D92-C647-4B15-9E08-E1DAA8F1DF4A}.Release|x86.ActiveCfg = Release|Any CPU
		{4E4F1D92-C647-4B15-9E08-E1DAA8F1DF4A}.Release|x86.Build.0 = Release|Any CPU
		{E08F8DAB-0AD7-4E7D-B8EE-437877025245}.Debug|Any CPU.ActiveCfg = Debug|Any CPU
		{E08F8DAB-0AD7-4E7D-B8EE-437877025245}.Debug|Any CPU.Build.0 = Debug|Any CPU
		{E08F8DAB-0AD7-4E7D-B8EE-437877025245}.Debug|ARM.ActiveCfg = Debug|Any CPU
		{E08F8DAB-0AD7-4E7D-B8EE-437877025245}.Debug|ARM.Build.0 = Debug|Any CPU
		{E08F8DAB-0AD7-4E7D-B8EE-437877025245}.Debug|ARM64.ActiveCfg = Debug|Any CPU
		{E08F8DAB-0AD7-4E7D-B8EE-437877025245}.Debug|ARM64.Build.0 = Debug|Any CPU
		{E08F8DAB-0AD7-4E7D-B8EE-437877025245}.Debug|x64.ActiveCfg = Debug|Any CPU
		{E08F8DAB-0AD7-4E7D-B8EE-437877025245}.Debug|x64.Build.0 = Debug|Any CPU
		{E08F8DAB-0AD7-4E7D-B8EE-437877025245}.Debug|x86.ActiveCfg = Debug|Any CPU
		{E08F8DAB-0AD7-4E7D-B8EE-437877025245}.Debug|x86.Build.0 = Debug|Any CPU
		{E08F8DAB-0AD7-4E7D-B8EE-437877025245}.Release|Any CPU.ActiveCfg = Release|Any CPU
		{E08F8DAB-0AD7-4E7D-B8EE-437877025245}.Release|Any CPU.Build.0 = Release|Any CPU
		{E08F8DAB-0AD7-4E7D-B8EE-437877025245}.Release|ARM.ActiveCfg = Release|Any CPU
		{E08F8DAB-0AD7-4E7D-B8EE-437877025245}.Release|ARM.Build.0 = Release|Any CPU
		{E08F8DAB-0AD7-4E7D-B8EE-437877025245}.Release|ARM64.ActiveCfg = Release|Any CPU
		{E08F8DAB-0AD7-4E7D-B8EE-437877025245}.Release|ARM64.Build.0 = Release|Any CPU
		{E08F8DAB-0AD7-4E7D-B8EE-437877025245}.Release|x64.ActiveCfg = Release|Any CPU
		{E08F8DAB-0AD7-4E7D-B8EE-437877025245}.Release|x64.Build.0 = Release|Any CPU
		{E08F8DAB-0AD7-4E7D-B8EE-437877025245}.Release|x86.ActiveCfg = Release|Any CPU
		{E08F8DAB-0AD7-4E7D-B8EE-437877025245}.Release|x86.Build.0 = Release|Any CPU
		{430E062C-4372-4B73-A2F2-1E25F81E2195}.Debug|Any CPU.ActiveCfg = Debug|Any CPU
		{430E062C-4372-4B73-A2F2-1E25F81E2195}.Debug|Any CPU.Build.0 = Debug|Any CPU
		{430E062C-4372-4B73-A2F2-1E25F81E2195}.Debug|ARM.ActiveCfg = Debug|Any CPU
		{430E062C-4372-4B73-A2F2-1E25F81E2195}.Debug|ARM.Build.0 = Debug|Any CPU
		{430E062C-4372-4B73-A2F2-1E25F81E2195}.Debug|ARM64.ActiveCfg = Debug|Any CPU
		{430E062C-4372-4B73-A2F2-1E25F81E2195}.Debug|ARM64.Build.0 = Debug|Any CPU
		{430E062C-4372-4B73-A2F2-1E25F81E2195}.Debug|x64.ActiveCfg = Debug|Any CPU
		{430E062C-4372-4B73-A2F2-1E25F81E2195}.Debug|x64.Build.0 = Debug|Any CPU
		{430E062C-4372-4B73-A2F2-1E25F81E2195}.Debug|x86.ActiveCfg = Debug|Any CPU
		{430E062C-4372-4B73-A2F2-1E25F81E2195}.Debug|x86.Build.0 = Debug|Any CPU
		{430E062C-4372-4B73-A2F2-1E25F81E2195}.Release|Any CPU.ActiveCfg = Release|Any CPU
		{430E062C-4372-4B73-A2F2-1E25F81E2195}.Release|Any CPU.Build.0 = Release|Any CPU
		{430E062C-4372-4B73-A2F2-1E25F81E2195}.Release|ARM.ActiveCfg = Release|Any CPU
		{430E062C-4372-4B73-A2F2-1E25F81E2195}.Release|ARM.Build.0 = Release|Any CPU
		{430E062C-4372-4B73-A2F2-1E25F81E2195}.Release|ARM64.ActiveCfg = Release|Any CPU
		{430E062C-4372-4B73-A2F2-1E25F81E2195}.Release|ARM64.Build.0 = Release|Any CPU
		{430E062C-4372-4B73-A2F2-1E25F81E2195}.Release|x64.ActiveCfg = Release|Any CPU
		{430E062C-4372-4B73-A2F2-1E25F81E2195}.Release|x64.Build.0 = Release|Any CPU
		{430E062C-4372-4B73-A2F2-1E25F81E2195}.Release|x86.ActiveCfg = Release|Any CPU
		{430E062C-4372-4B73-A2F2-1E25F81E2195}.Release|x86.Build.0 = Release|Any CPU
		{415AE914-5CFA-4178-B967-E732F9EF6A8F}.Debug|Any CPU.ActiveCfg = Debug|Any CPU
		{415AE914-5CFA-4178-B967-E732F9EF6A8F}.Debug|Any CPU.Build.0 = Debug|Any CPU
		{415AE914-5CFA-4178-B967-E732F9EF6A8F}.Debug|ARM.ActiveCfg = Debug|Any CPU
		{415AE914-5CFA-4178-B967-E732F9EF6A8F}.Debug|ARM.Build.0 = Debug|Any CPU
		{415AE914-5CFA-4178-B967-E732F9EF6A8F}.Debug|ARM64.ActiveCfg = Debug|Any CPU
		{415AE914-5CFA-4178-B967-E732F9EF6A8F}.Debug|ARM64.Build.0 = Debug|Any CPU
		{415AE914-5CFA-4178-B967-E732F9EF6A8F}.Debug|x64.ActiveCfg = Debug|Any CPU
		{415AE914-5CFA-4178-B967-E732F9EF6A8F}.Debug|x64.Build.0 = Debug|Any CPU
		{415AE914-5CFA-4178-B967-E732F9EF6A8F}.Debug|x86.ActiveCfg = Debug|Any CPU
		{415AE914-5CFA-4178-B967-E732F9EF6A8F}.Debug|x86.Build.0 = Debug|Any CPU
		{415AE914-5CFA-4178-B967-E732F9EF6A8F}.Release|Any CPU.ActiveCfg = Release|Any CPU
		{415AE914-5CFA-4178-B967-E732F9EF6A8F}.Release|Any CPU.Build.0 = Release|Any CPU
		{415AE914-5CFA-4178-B967-E732F9EF6A8F}.Release|ARM.ActiveCfg = Release|Any CPU
		{415AE914-5CFA-4178-B967-E732F9EF6A8F}.Release|ARM.Build.0 = Release|Any CPU
		{415AE914-5CFA-4178-B967-E732F9EF6A8F}.Release|ARM64.ActiveCfg = Release|Any CPU
		{415AE914-5CFA-4178-B967-E732F9EF6A8F}.Release|ARM64.Build.0 = Release|Any CPU
		{415AE914-5CFA-4178-B967-E732F9EF6A8F}.Release|x64.ActiveCfg = Release|Any CPU
		{415AE914-5CFA-4178-B967-E732F9EF6A8F}.Release|x64.Build.0 = Release|Any CPU
		{415AE914-5CFA-4178-B967-E732F9EF6A8F}.Release|x86.ActiveCfg = Release|Any CPU
		{415AE914-5CFA-4178-B967-E732F9EF6A8F}.Release|x86.Build.0 = Release|Any CPU
		{509A2A01-BB9A-4B70-AF34-C3D86ECBFC8E}.Debug|Any CPU.ActiveCfg = Debug|Any CPU
		{509A2A01-BB9A-4B70-AF34-C3D86ECBFC8E}.Debug|Any CPU.Build.0 = Debug|Any CPU
		{509A2A01-BB9A-4B70-AF34-C3D86ECBFC8E}.Debug|ARM.ActiveCfg = Debug|Any CPU
		{509A2A01-BB9A-4B70-AF34-C3D86ECBFC8E}.Debug|ARM.Build.0 = Debug|Any CPU
		{509A2A01-BB9A-4B70-AF34-C3D86ECBFC8E}.Debug|ARM64.ActiveCfg = Debug|Any CPU
		{509A2A01-BB9A-4B70-AF34-C3D86ECBFC8E}.Debug|ARM64.Build.0 = Debug|Any CPU
		{509A2A01-BB9A-4B70-AF34-C3D86ECBFC8E}.Debug|x64.ActiveCfg = Debug|Any CPU
		{509A2A01-BB9A-4B70-AF34-C3D86ECBFC8E}.Debug|x64.Build.0 = Debug|Any CPU
		{509A2A01-BB9A-4B70-AF34-C3D86ECBFC8E}.Debug|x86.ActiveCfg = Debug|Any CPU
		{509A2A01-BB9A-4B70-AF34-C3D86ECBFC8E}.Debug|x86.Build.0 = Debug|Any CPU
		{509A2A01-BB9A-4B70-AF34-C3D86ECBFC8E}.Release|Any CPU.ActiveCfg = Release|Any CPU
		{509A2A01-BB9A-4B70-AF34-C3D86ECBFC8E}.Release|Any CPU.Build.0 = Release|Any CPU
		{509A2A01-BB9A-4B70-AF34-C3D86ECBFC8E}.Release|ARM.ActiveCfg = Release|Any CPU
		{509A2A01-BB9A-4B70-AF34-C3D86ECBFC8E}.Release|ARM.Build.0 = Release|Any CPU
		{509A2A01-BB9A-4B70-AF34-C3D86ECBFC8E}.Release|ARM64.ActiveCfg = Release|Any CPU
		{509A2A01-BB9A-4B70-AF34-C3D86ECBFC8E}.Release|ARM64.Build.0 = Release|Any CPU
		{509A2A01-BB9A-4B70-AF34-C3D86ECBFC8E}.Release|x64.ActiveCfg = Release|Any CPU
		{509A2A01-BB9A-4B70-AF34-C3D86ECBFC8E}.Release|x64.Build.0 = Release|Any CPU
		{509A2A01-BB9A-4B70-AF34-C3D86ECBFC8E}.Release|x86.ActiveCfg = Release|Any CPU
		{509A2A01-BB9A-4B70-AF34-C3D86ECBFC8E}.Release|x86.Build.0 = Release|Any CPU
		{CD43E2E9-2E9F-4C5C-8C2E-0D83A11FFDD9}.Debug|Any CPU.ActiveCfg = Debug|Any CPU
		{CD43E2E9-2E9F-4C5C-8C2E-0D83A11FFDD9}.Debug|Any CPU.Build.0 = Debug|Any CPU
		{CD43E2E9-2E9F-4C5C-8C2E-0D83A11FFDD9}.Debug|ARM.ActiveCfg = Debug|Any CPU
		{CD43E2E9-2E9F-4C5C-8C2E-0D83A11FFDD9}.Debug|ARM.Build.0 = Debug|Any CPU
		{CD43E2E9-2E9F-4C5C-8C2E-0D83A11FFDD9}.Debug|ARM64.ActiveCfg = Debug|Any CPU
		{CD43E2E9-2E9F-4C5C-8C2E-0D83A11FFDD9}.Debug|ARM64.Build.0 = Debug|Any CPU
		{CD43E2E9-2E9F-4C5C-8C2E-0D83A11FFDD9}.Debug|x64.ActiveCfg = Debug|Any CPU
		{CD43E2E9-2E9F-4C5C-8C2E-0D83A11FFDD9}.Debug|x64.Build.0 = Debug|Any CPU
		{CD43E2E9-2E9F-4C5C-8C2E-0D83A11FFDD9}.Debug|x86.ActiveCfg = Debug|Any CPU
		{CD43E2E9-2E9F-4C5C-8C2E-0D83A11FFDD9}.Debug|x86.Build.0 = Debug|Any CPU
		{CD43E2E9-2E9F-4C5C-8C2E-0D83A11FFDD9}.Release|Any CPU.ActiveCfg = Release|Any CPU
		{CD43E2E9-2E9F-4C5C-8C2E-0D83A11FFDD9}.Release|Any CPU.Build.0 = Release|Any CPU
		{CD43E2E9-2E9F-4C5C-8C2E-0D83A11FFDD9}.Release|ARM.ActiveCfg = Release|Any CPU
		{CD43E2E9-2E9F-4C5C-8C2E-0D83A11FFDD9}.Release|ARM.Build.0 = Release|Any CPU
		{CD43E2E9-2E9F-4C5C-8C2E-0D83A11FFDD9}.Release|ARM64.ActiveCfg = Release|Any CPU
		{CD43E2E9-2E9F-4C5C-8C2E-0D83A11FFDD9}.Release|ARM64.Build.0 = Release|Any CPU
		{CD43E2E9-2E9F-4C5C-8C2E-0D83A11FFDD9}.Release|x64.ActiveCfg = Release|Any CPU
		{CD43E2E9-2E9F-4C5C-8C2E-0D83A11FFDD9}.Release|x64.Build.0 = Release|Any CPU
		{CD43E2E9-2E9F-4C5C-8C2E-0D83A11FFDD9}.Release|x86.ActiveCfg = Release|Any CPU
		{CD43E2E9-2E9F-4C5C-8C2E-0D83A11FFDD9}.Release|x86.Build.0 = Release|Any CPU
		{367B6F08-A592-46C4-A18B-7FDD0A07C483}.Debug|Any CPU.ActiveCfg = Debug|Any CPU
		{367B6F08-A592-46C4-A18B-7FDD0A07C483}.Debug|Any CPU.Build.0 = Debug|Any CPU
		{367B6F08-A592-46C4-A18B-7FDD0A07C483}.Debug|ARM.ActiveCfg = Debug|Any CPU
		{367B6F08-A592-46C4-A18B-7FDD0A07C483}.Debug|ARM.Build.0 = Debug|Any CPU
		{367B6F08-A592-46C4-A18B-7FDD0A07C483}.Debug|ARM64.ActiveCfg = Debug|Any CPU
		{367B6F08-A592-46C4-A18B-7FDD0A07C483}.Debug|ARM64.Build.0 = Debug|Any CPU
		{367B6F08-A592-46C4-A18B-7FDD0A07C483}.Debug|x64.ActiveCfg = Debug|Any CPU
		{367B6F08-A592-46C4-A18B-7FDD0A07C483}.Debug|x64.Build.0 = Debug|Any CPU
		{367B6F08-A592-46C4-A18B-7FDD0A07C483}.Debug|x86.ActiveCfg = Debug|Any CPU
		{367B6F08-A592-46C4-A18B-7FDD0A07C483}.Debug|x86.Build.0 = Debug|Any CPU
		{367B6F08-A592-46C4-A18B-7FDD0A07C483}.Release|Any CPU.ActiveCfg = Release|Any CPU
		{367B6F08-A592-46C4-A18B-7FDD0A07C483}.Release|Any CPU.Build.0 = Release|Any CPU
		{367B6F08-A592-46C4-A18B-7FDD0A07C483}.Release|ARM.ActiveCfg = Release|Any CPU
		{367B6F08-A592-46C4-A18B-7FDD0A07C483}.Release|ARM.Build.0 = Release|Any CPU
		{367B6F08-A592-46C4-A18B-7FDD0A07C483}.Release|ARM64.ActiveCfg = Release|Any CPU
		{367B6F08-A592-46C4-A18B-7FDD0A07C483}.Release|ARM64.Build.0 = Release|Any CPU
		{367B6F08-A592-46C4-A18B-7FDD0A07C483}.Release|x64.ActiveCfg = Release|Any CPU
		{367B6F08-A592-46C4-A18B-7FDD0A07C483}.Release|x64.Build.0 = Release|Any CPU
		{367B6F08-A592-46C4-A18B-7FDD0A07C483}.Release|x86.ActiveCfg = Release|Any CPU
		{367B6F08-A592-46C4-A18B-7FDD0A07C483}.Release|x86.Build.0 = Release|Any CPU
		{B183D895-69AD-4257-8AAA-378BFF7603F5}.Debug|Any CPU.ActiveCfg = Debug|Any CPU
		{B183D895-69AD-4257-8AAA-378BFF7603F5}.Debug|Any CPU.Build.0 = Debug|Any CPU
		{B183D895-69AD-4257-8AAA-378BFF7603F5}.Debug|ARM.ActiveCfg = Debug|Any CPU
		{B183D895-69AD-4257-8AAA-378BFF7603F5}.Debug|ARM.Build.0 = Debug|Any CPU
		{B183D895-69AD-4257-8AAA-378BFF7603F5}.Debug|ARM64.ActiveCfg = Debug|Any CPU
		{B183D895-69AD-4257-8AAA-378BFF7603F5}.Debug|ARM64.Build.0 = Debug|Any CPU
		{B183D895-69AD-4257-8AAA-378BFF7603F5}.Debug|x64.ActiveCfg = Debug|Any CPU
		{B183D895-69AD-4257-8AAA-378BFF7603F5}.Debug|x64.Build.0 = Debug|Any CPU
		{B183D895-69AD-4257-8AAA-378BFF7603F5}.Debug|x86.ActiveCfg = Debug|Any CPU
		{B183D895-69AD-4257-8AAA-378BFF7603F5}.Debug|x86.Build.0 = Debug|Any CPU
		{B183D895-69AD-4257-8AAA-378BFF7603F5}.Release|Any CPU.ActiveCfg = Release|Any CPU
		{B183D895-69AD-4257-8AAA-378BFF7603F5}.Release|Any CPU.Build.0 = Release|Any CPU
		{B183D895-69AD-4257-8AAA-378BFF7603F5}.Release|ARM.ActiveCfg = Release|Any CPU
		{B183D895-69AD-4257-8AAA-378BFF7603F5}.Release|ARM.Build.0 = Release|Any CPU
		{B183D895-69AD-4257-8AAA-378BFF7603F5}.Release|ARM64.ActiveCfg = Release|Any CPU
		{B183D895-69AD-4257-8AAA-378BFF7603F5}.Release|ARM64.Build.0 = Release|Any CPU
		{B183D895-69AD-4257-8AAA-378BFF7603F5}.Release|x64.ActiveCfg = Release|Any CPU
		{B183D895-69AD-4257-8AAA-378BFF7603F5}.Release|x64.Build.0 = Release|Any CPU
		{B183D895-69AD-4257-8AAA-378BFF7603F5}.Release|x86.ActiveCfg = Release|Any CPU
		{B183D895-69AD-4257-8AAA-378BFF7603F5}.Release|x86.Build.0 = Release|Any CPU
		{2186E4C8-5EFC-463E-A629-7A9E1C968DF3}.Debug|Any CPU.ActiveCfg = Debug|Any CPU
		{2186E4C8-5EFC-463E-A629-7A9E1C968DF3}.Debug|Any CPU.Build.0 = Debug|Any CPU
		{2186E4C8-5EFC-463E-A629-7A9E1C968DF3}.Debug|ARM.ActiveCfg = Debug|Any CPU
		{2186E4C8-5EFC-463E-A629-7A9E1C968DF3}.Debug|ARM.Build.0 = Debug|Any CPU
		{2186E4C8-5EFC-463E-A629-7A9E1C968DF3}.Debug|ARM64.ActiveCfg = Debug|Any CPU
		{2186E4C8-5EFC-463E-A629-7A9E1C968DF3}.Debug|ARM64.Build.0 = Debug|Any CPU
		{2186E4C8-5EFC-463E-A629-7A9E1C968DF3}.Debug|x64.ActiveCfg = Debug|Any CPU
		{2186E4C8-5EFC-463E-A629-7A9E1C968DF3}.Debug|x64.Build.0 = Debug|Any CPU
		{2186E4C8-5EFC-463E-A629-7A9E1C968DF3}.Debug|x86.ActiveCfg = Debug|Any CPU
		{2186E4C8-5EFC-463E-A629-7A9E1C968DF3}.Debug|x86.Build.0 = Debug|Any CPU
		{2186E4C8-5EFC-463E-A629-7A9E1C968DF3}.Release|Any CPU.ActiveCfg = Release|Any CPU
		{2186E4C8-5EFC-463E-A629-7A9E1C968DF3}.Release|Any CPU.Build.0 = Release|Any CPU
		{2186E4C8-5EFC-463E-A629-7A9E1C968DF3}.Release|ARM.ActiveCfg = Release|Any CPU
		{2186E4C8-5EFC-463E-A629-7A9E1C968DF3}.Release|ARM.Build.0 = Release|Any CPU
		{2186E4C8-5EFC-463E-A629-7A9E1C968DF3}.Release|ARM64.ActiveCfg = Release|Any CPU
		{2186E4C8-5EFC-463E-A629-7A9E1C968DF3}.Release|ARM64.Build.0 = Release|Any CPU
		{2186E4C8-5EFC-463E-A629-7A9E1C968DF3}.Release|x64.ActiveCfg = Release|Any CPU
		{2186E4C8-5EFC-463E-A629-7A9E1C968DF3}.Release|x64.Build.0 = Release|Any CPU
		{2186E4C8-5EFC-463E-A629-7A9E1C968DF3}.Release|x86.ActiveCfg = Release|Any CPU
		{2186E4C8-5EFC-463E-A629-7A9E1C968DF3}.Release|x86.Build.0 = Release|Any CPU
		{6A838D15-C3CA-4828-822D-6B4323056B66}.Debug|Any CPU.ActiveCfg = Debug|Any CPU
		{6A838D15-C3CA-4828-822D-6B4323056B66}.Debug|Any CPU.Build.0 = Debug|Any CPU
		{6A838D15-C3CA-4828-822D-6B4323056B66}.Debug|ARM.ActiveCfg = Debug|Any CPU
		{6A838D15-C3CA-4828-822D-6B4323056B66}.Debug|ARM.Build.0 = Debug|Any CPU
		{6A838D15-C3CA-4828-822D-6B4323056B66}.Debug|ARM64.ActiveCfg = Debug|Any CPU
		{6A838D15-C3CA-4828-822D-6B4323056B66}.Debug|ARM64.Build.0 = Debug|Any CPU
		{6A838D15-C3CA-4828-822D-6B4323056B66}.Debug|x64.ActiveCfg = Debug|Any CPU
		{6A838D15-C3CA-4828-822D-6B4323056B66}.Debug|x64.Build.0 = Debug|Any CPU
		{6A838D15-C3CA-4828-822D-6B4323056B66}.Debug|x86.ActiveCfg = Debug|Any CPU
		{6A838D15-C3CA-4828-822D-6B4323056B66}.Debug|x86.Build.0 = Debug|Any CPU
		{6A838D15-C3CA-4828-822D-6B4323056B66}.Release|Any CPU.ActiveCfg = Release|Any CPU
		{6A838D15-C3CA-4828-822D-6B4323056B66}.Release|Any CPU.Build.0 = Release|Any CPU
		{6A838D15-C3CA-4828-822D-6B4323056B66}.Release|ARM.ActiveCfg = Release|Any CPU
		{6A838D15-C3CA-4828-822D-6B4323056B66}.Release|ARM.Build.0 = Release|Any CPU
		{6A838D15-C3CA-4828-822D-6B4323056B66}.Release|ARM64.ActiveCfg = Release|Any CPU
		{6A838D15-C3CA-4828-822D-6B4323056B66}.Release|ARM64.Build.0 = Release|Any CPU
		{6A838D15-C3CA-4828-822D-6B4323056B66}.Release|x64.ActiveCfg = Release|Any CPU
		{6A838D15-C3CA-4828-822D-6B4323056B66}.Release|x64.Build.0 = Release|Any CPU
		{6A838D15-C3CA-4828-822D-6B4323056B66}.Release|x86.ActiveCfg = Release|Any CPU
		{6A838D15-C3CA-4828-822D-6B4323056B66}.Release|x86.Build.0 = Release|Any CPU
	EndGlobalSection
	GlobalSection(SolutionProperties) = preSolution
		HideSolutionNode = FALSE
	EndGlobalSection
	GlobalSection(NestedProjects) = preSolution
		{430E062C-4372-4B73-A2F2-1E25F81E2195} = {E8097C7C-75F9-4EBB-AA95-C52A214B29F1}
		{415AE914-5CFA-4178-B967-E732F9EF6A8F} = {E8097C7C-75F9-4EBB-AA95-C52A214B29F1}
		{509A2A01-BB9A-4B70-AF34-C3D86ECBFC8E} = {E8097C7C-75F9-4EBB-AA95-C52A214B29F1}
		{CD43E2E9-2E9F-4C5C-8C2E-0D83A11FFDD9} = {E8097C7C-75F9-4EBB-AA95-C52A214B29F1}
		{367B6F08-A592-46C4-A18B-7FDD0A07C483} = {E8097C7C-75F9-4EBB-AA95-C52A214B29F1}
		{B183D895-69AD-4257-8AAA-378BFF7603F5} = {E8097C7C-75F9-4EBB-AA95-C52A214B29F1}
		{2186E4C8-5EFC-463E-A629-7A9E1C968DF3} = {E8097C7C-75F9-4EBB-AA95-C52A214B29F1}
		{6A838D15-C3CA-4828-822D-6B4323056B66} = {E8097C7C-75F9-4EBB-AA95-C52A214B29F1}
	EndGlobalSection
	GlobalSection(ExtensibilityGlobals) = postSolution
		SolutionGuid = {24AF9E42-69B5-45BE-8951-4390E0079784}
	EndGlobalSection
EndGlobal
